
Microsoft Visual Studio Solution File, Format Version 12.00
# Visual Studio 15
VisualStudioVersion = 15.0.28307.539
MinimumVisualStudioVersion = 10.0.40219.1
Project("{E24C65DC-7377-472B-9ABA-BC803B73C61A}") = "Web-Owpart", "Web-Owpart\", "{3E1E5F8D-FD23-4098-A97D-50BB75A1E53E}"
	ProjectSection(WebsiteProperties) = preProject
		TargetFrameworkMoniker = ".NETFramework,Version%3Dv4.6.1"
		Debug.AspNetCompiler.VirtualPath = "/localhost_63396"
		Debug.AspNetCompiler.PhysicalPath = "Web-Owpart\"
		Debug.AspNetCompiler.TargetPath = "PrecompiledWeb\localhost_63396\"
		Debug.AspNetCompiler.Updateable = "true"
		Debug.AspNetCompiler.ForceOverwrite = "true"
		Debug.AspNetCompiler.FixedNames = "false"
		Debug.AspNetCompiler.Debug = "True"
		Release.AspNetCompiler.VirtualPath = "/localhost_63396"
		Release.AspNetCompiler.PhysicalPath = "Web-Owpart\"
		Release.AspNetCompiler.TargetPath = "PrecompiledWeb\localhost_63396\"
		Release.AspNetCompiler.Updateable = "true"
		Release.AspNetCompiler.ForceOverwrite = "true"
		Release.AspNetCompiler.FixedNames = "false"
		Release.AspNetCompiler.Debug = "False"
		VWDPort = "63396"
		SlnRelativePath = "Web-Owpart\"
		DefaultWebSiteLanguage = "Visual C#"
	EndProjectSection
EndProject
Global
	GlobalSection(SolutionConfigurationPlatforms) = preSolution
		Debug|Any CPU = Debug|Any CPU
	EndGlobalSection
	GlobalSection(ProjectConfigurationPlatforms) = postSolution
		{3E1E5F8D-FD23-4098-A97D-50BB75A1E53E}.Debug|Any CPU.ActiveCfg = Debug|Any CPU
		{3E1E5F8D-FD23-4098-A97D-50BB75A1E53E}.Debug|Any CPU.Build.0 = Debug|Any CPU
	EndGlobalSection
	GlobalSection(SolutionProperties) = preSolution
		HideSolutionNode = FALSE
	EndGlobalSection
	GlobalSection(ExtensibilityGlobals) = postSolution
		SolutionGuid = {41F83E67-124E-4489-A66C-332CBC1DB67E}
	EndGlobalSection
EndGlobal
